// !$*UTF8*$!
{
	archiveVersion = 1;
	classes = {
	};
	objectVersion = 77;
	objects = {

/* Begin PBXBuildFile section */
		BEE143822DABD59800565C22 /* SnapKit in Frameworks */ = {isa = PBXBuildFile; productRef = BEE143812DABD59800565C22 /* SnapKit */; };
/* End PBXBuildFile section */

/* Begin PBXContainerItemProxy section */
		BEE143482DABCC3600565C22 /* PBXContainerItemProxy */ = {
			isa = PBXContainerItemProxy;
			containerPortal = BEE143292DABCC3500565C22 /* Project object */;
			proxyType = 1;
			remoteGlobalIDString = BEE143302DABCC3500565C22;
			remoteInfo = RSChat;
		};
		BEE143522DABCC3600565C22 /* PBXContainerItemProxy */ = {
			isa = PBXContainerItemProxy;
			containerPortal = BEE143292DABCC3500565C22 /* Project object */;
			proxyType = 1;
			remoteGlobalIDString = BEE143302DABCC3500565C22;
			remoteInfo = RSChat;
		};
/* End PBXContainerItemProxy section */

/* Begin PBXFileReference section */
		BEE143312DABCC3500565C22 /* RSChat.app */ = {isa = PBXFileReference; explicitFileType = wrapper.application; includeInIndex = 0; path = RSChat.app; sourceTree = BUILT_PRODUCTS_DIR; };
		BEE143472DABCC3600565C22 /* RSChatTests.xctest */ = {isa = PBXFileReference; explicitFileType = wrapper.cfbundle; includeInIndex = 0; path = RSChatTests.xctest; sourceTree = BUILT_PRODUCTS_DIR; };
		BEE143512DABCC3600565C22 /* RSChatUITests.xctest */ = {isa = PBXFileReference; explicitFileType = wrapper.cfbundle; includeInIndex = 0; path = RSChatUITests.xctest; sourceTree = BUILT_PRODUCTS_DIR; };
/* End PBXFileReference section */

/* Begin PBXFileSystemSynchronizedBuildFileExceptionSet section */
		BEE143592DABCC3600565C22 /* Exceptions for "RSChat" folder in "RSChat" target */ = {
			isa = PBXFileSystemSynchronizedBuildFileExceptionSet;
			membershipExceptions = (
				App/Info.plist,
			);
			target = BEE143302DABCC3500565C22 /* RSChat */;
		};
/* End PBXFileSystemSynchronizedBuildFileExceptionSet section */

/* Begin PBXFileSystemSynchronizedRootGroup section */
		BEE143332DABCC3500565C22 /* RSChat */ = {
			isa = PBXFileSystemSynchronizedRootGroup;
			exceptions = (
				BEE143592DABCC3600565C22 /* Exceptions for "RSChat" folder in "RSChat" target */,
			);
			path = RSChat;
			sourceTree = "<group>";
		};
/* End PBXFileSystemSynchronizedRootGroup section */

/* Begin PBXFrameworksBuildPhase section */
		BEE1432E2DABCC3500565C22 /* Frameworks */ = {
			isa = PBXFrameworksBuildPhase;
			buildActionMask = 2147483647;
			files = (
				BEE143822DABD59800565C22 /* SnapKit in Frameworks */,
			);
			runOnlyForDeploymentPostprocessing = 0;
		};
		BEE143442DABCC3600565C22 /* Frameworks */ = {
			isa = PBXFrameworksBuildPhase;
			buildActionMask = 2147483647;
			files = (
			);
			runOnlyForDeploymentPostprocessing = 0;
		};
		BEE1434E2DABCC3600565C22 /* Frameworks */ = {
			isa = PBXFrameworksBuildPhase;
			buildActionMask = 2147483647;
			files = (
			);
			runOnlyForDeploymentPostprocessing = 0;
		};
/* End PBXFrameworksBuildPhase section */

/* Begin PBXGroup section */
		BEE143282DABCC3500565C22 = {
			isa = PBXGroup;
			children = (
				BEE143332DABCC3500565C22 /* RSChat */,
				BEE143322DABCC3500565C22 /* Products */,
			);
			sourceTree = "<group>";
		};
		BEE143322DABCC3500565C22 /* Products */ = {
			isa = PBXGroup;
			children = (
				BEE143312DABCC3500565C22 /* RSChat.app */,
				BEE143472DABCC3600565C22 /* RSChatTests.xctest */,
				BEE143512DABCC3600565C22 /* RSChatUITests.xctest */,
			);
			name = Products;
			sourceTree = "<group>";
		};
/* End PBXGroup section */

/* Begin PBXNativeTarget section */
		BEE143302DABCC3500565C22 /* RSChat */ = {
			isa = PBXNativeTarget;
			buildConfigurationList = BEE1435A2DABCC3600565C22 /* Build configuration list for PBXNativeTarget "RSChat" */;
			buildPhases = (
				BEE1432D2DABCC3500565C22 /* Sources */,
				BEE1432E2DABCC3500565C22 /* Frameworks */,
				BEE1432F2DABCC3500565C22 /* Resources */,
			);
			buildRules = (
			);
			dependencies = (
			);
			fileSystemSynchronizedGroups = (
				BEE143332DABCC3500565C22 /* RSChat */,
			);
			name = RSChat;
			packageProductDependencies = (
				BEE143812DABD59800565C22 /* SnapKit */,
			);
			productName = RSChat;
			productReference = BEE143312DABCC3500565C22 /* RSChat.app */;
			productType = "com.apple.product-type.application";
		};
		BEE143462DABCC3600565C22 /* RSChatTests */ = {
			isa = PBXNativeTarget;
			buildConfigurationList = BEE1435F2DABCC3600565C22 /* Build configuration list for PBXNativeTarget "RSChatTests" */;
			buildPhases = (
				BEE143432DABCC3600565C22 /* Sources */,
				BEE143442DABCC3600565C22 /* Frameworks */,
				BEE143452DABCC3600565C22 /* Resources */,
			);
			buildRules = (
			);
			dependencies = (
				BEE143492DABCC3600565C22 /* PBXTargetDependency */,
			);
			name = RSChatTests;
			packageProductDependencies = (
			);
			productName = RSChatTests;
			productReference = BEE143472DABCC3600565C22 /* RSChatTests.xctest */;
			productType = "com.apple.product-type.bundle.unit-test";
		};
		BEE143502DABCC3600565C22 /* RSChatUITests */ = {
			isa = PBXNativeTarget;
			buildConfigurationList = BEE143622DABCC3600565C22 /* Build configuration list for PBXNativeTarget "RSChatUITests" */;
			buildPhases = (
				BEE1434D2DABCC3600565C22 /* Sources */,
				BEE1434E2DABCC3600565C22 /* Frameworks */,
				BEE1434F2DABCC3600565C22 /* Resources */,
			);
			buildRules = (
			);
			dependencies = (
				BEE143532DABCC3600565C22 /* PBXTargetDependency */,
			);
			name = RSChatUITests;
			packageProductDependencies = (
			);
			productName = RSChatUITests;
			productReference = BEE143512DABCC3600565C22 /* RSChatUITests.xctest */;
			productType = "com.apple.product-type.bundle.ui-testing";
		};
/* End PBXNativeTarget section */

/* Begin PBXProject section */
		BEE143292DABCC3500565C22 /* Project object */ = {
			isa = PBXProject;
			attributes = {
				BuildIndependentTargetsInParallel = 1;
				LastSwiftUpdateCheck = 1620;
				LastUpgradeCheck = 1620;
				TargetAttributes = {
					BEE143302DABCC3500565C22 = {
						CreatedOnToolsVersion = 16.2;
					};
					BEE143462DABCC3600565C22 = {
						CreatedOnToolsVersion = 16.2;
						TestTargetID = BEE143302DABCC3500565C22;
					};
					BEE143502DABCC3600565C22 = {
						CreatedOnToolsVersion = 16.2;
						TestTargetID = BEE143302DABCC3500565C22;
					};
				};
			};
			buildConfigurationList = BEE1432C2DABCC3500565C22 /* Build configuration list for PBXProject "RSChat" */;
			developmentRegion = en;
			hasScannedForEncodings = 0;
			knownRegions = (
				en,
				Base,
			);
			mainGroup = BEE143282DABCC3500565C22;
			minimizedProjectReferenceProxies = 1;
			packageReferences = (
				BEE143802DABD59800565C22 /* XCRemoteSwiftPackageReference "SnapKit" */,
			);
			preferredProjectObjectVersion = 77;
			productRefGroup = BEE143322DABCC3500565C22 /* Products */;
			projectDirPath = "";
			projectRoot = "";
			targets = (
				BEE143302DABCC3500565C22 /* RSChat */,
				BEE143462DABCC3600565C22 /* RSChatTests */,
				BEE143502DABCC3600565C22 /* RSChatUITests */,
			);
		};
/* End PBXProject section */

/* Begin PBXResourcesBuildPhase section */
		BEE1432F2DABCC3500565C22 /* Resources */ = {
			isa = PBXResourcesBuildPhase;
			buildActionMask = 2147483647;
			files = (
			);
			runOnlyForDeploymentPostprocessing = 0;
		};
		BEE143452DABCC3600565C22 /* Resources */ = {
			isa = PBXResourcesBuildPhase;
			buildActionMask = 2147483647;
			files = (
			);
			runOnlyForDeploymentPostprocessing = 0;
		};
		BEE1434F2DABCC3600565C22 /* Resources */ = {
			isa = PBXResourcesBuildPhase;
			buildActionMask = 2147483647;
			files = (
			);
			runOnlyForDeploymentPostprocessing = 0;
		};
/* End PBXResourcesBuildPhase section */

/* Begin PBXSourcesBuildPhase section */
		BEE1432D2DABCC3500565C22 /* Sources */ = {
			isa = PBXSourcesBuildPhase;
			buildActionMask = 2147483647;
			files = (
			);
			runOnlyForDeploymentPostprocessing = 0;
		};
		BEE143432DABCC3600565C22 /* Sources */ = {
			isa = PBXSourcesBuildPhase;
			buildActionMask = 2147483647;
			files = (
			);
			runOnlyForDeploymentPostprocessing = 0;
		};
		BEE1434D2DABCC3600565C22 /* Sources */ = {
			isa = PBXSourcesBuildPhase;
			buildActionMask = 2147483647;
			files = (
			);
			runOnlyForDeploymentPostprocessing = 0;
		};
/* End PBXSourcesBuildPhase section */

/* Begin PBXTargetDependency section */
		BEE143492DABCC3600565C22 /* PBXTargetDependency */ = {
			isa = PBXTargetDependency;
			target = BEE143302DABCC3500565C22 /* RSChat */;
			targetProxy = BEE143482DABCC3600565C22 /* PBXContainerItemProxy */;
		};
		BEE143532DABCC3600565C22 /* PBXTargetDependency */ = {
			isa = PBXTargetDependency;
			target = BEE143302DABCC3500565C22 /* RSChat */;
			targetProxy = BEE143522DABCC3600565C22 /* PBXContainerItemProxy */;
		};
/* End PBXTargetDependency section */

/* Begin XCBuildConfiguration section */
		BEE1435B2DABCC3600565C22 /* Debug */ = {
			isa = XCBuildConfiguration;
			baseConfigurationReferenceAnchor = BEE143332DABCC3500565C22 /* RSChat */;
			baseConfigurationReferenceRelativePath = App/Config/Development.xcconfig;
			buildSettings = {
				ASSETCATALOG_COMPILER_APPICON_NAME = AppIcon;
				ASSETCATALOG_COMPILER_GLOBAL_ACCENT_COLOR_NAME = AccentColor;
				CODE_SIGN_STYLE = Automatic;
				CURRENT_PROJECT_VERSION = 1;
				DEVELOPMENT_TEAM = 9N2C3RSUH8;
				GENERATE_INFOPLIST_FILE = YES;
				INFOPLIST_FILE = "$(SRCROOT)/RSChat/App/Info.plist";
				INFOPLIST_KEY_UIApplicationSupportsIndirectInputEvents = YES;
				INFOPLIST_KEY_UILaunchStoryboardName = LaunchScreen;
				INFOPLIST_KEY_UISupportedInterfaceOrientations_iPad = "UIInterfaceOrientationPortrait UIInterfaceOrientationPortraitUpsideDown UIInterfaceOrientationLandscapeLeft UIInterfaceOrientationLandscapeRight";
				INFOPLIST_KEY_UISupportedInterfaceOrientations_iPhone = "UIInterfaceOrientationPortrait UIInterfaceOrientationLandscapeLeft UIInterfaceOrientationLandscapeRight";
				LD_RUNPATH_SEARCH_PATHS = (
					"$(inherited)",
					"@executable_path/Frameworks",
				);
				MARKETING_VERSION = 1.0;
				PRODUCT_BUNDLE_IDENTIFIER = com.iosdevbaran.RSChat;
				PRODUCT_NAME = "$(TARGET_NAME)";
				SWIFT_EMIT_LOC_STRINGS = YES;
				SWIFT_VERSION = 5.0;
				TARGETED_DEVICE_FAMILY = "1,2";
			};
			name = Debug;
		};
		BEE1435C2DABCC3600565C22 /* Release */ = {
			isa = XCBuildConfiguration;
			baseConfigurationReferenceAnchor = BEE143332DABCC3500565C22 /* RSChat */;
			baseConfigurationReferenceRelativePath = App/Config/Development.xcconfig;
			buildSettings = {
				ASSETCATALOG_COMPILER_APPICON_NAME = AppIcon;
				ASSETCATALOG_COMPILER_GLOBAL_ACCENT_COLOR_NAME = AccentColor;
				CODE_SIGN_STYLE = Automatic;
				CURRENT_PROJECT_VERSION = 1;
				DEVELOPMENT_TEAM = 9N2C3RSUH8;
				GENERATE_INFOPLIST_FILE = YES;
				INFOPLIST_FILE = "$(SRCROOT)/RSChat/App/Info.plist";
				INFOPLIST_KEY_UIApplicationSupportsIndirectInputEvents = YES;
				INFOPLIST_KEY_UILaunchStoryboardName = LaunchScreen;
				INFOPLIST_KEY_UISupportedInterfaceOrientations_iPad = "UIInterfaceOrientationPortrait UIInterfaceOrientationPortraitUpsideDown UIInterfaceOrientationLandscapeLeft UIInterfaceOrientationLandscapeRight";
				INFOPLIST_KEY_UISupportedInterfaceOrientations_iPhone = "UIInterfaceOrientationPortrait UIInterfaceOrientationLandscapeLeft UIInterfaceOrientationLandscapeRight";
				LD_RUNPATH_SEARCH_PATHS = (
					"$(inherited)",
					"@executable_path/Frameworks",
				);
				MARKETING_VERSION = 1.0;
				PRODUCT_BUNDLE_IDENTIFIER = com.iosdevbaran.RSChat;
				PRODUCT_NAME = "$(TARGET_NAME)";
				SWIFT_EMIT_LOC_STRINGS = YES;
				SWIFT_VERSION = 5.0;
				TARGETED_DEVICE_FAMILY = "1,2";
			};
			name = Release;
		};
		BEE1435D2DABCC3600565C22 /* Debug */ = {
			isa = XCBuildConfiguration;
			baseConfigurationReferenceAnchor = BEE143332DABCC3500565C22 /* RSChat */;
			baseConfigurationReferenceRelativePath = App/Config/Development.xcconfig;
			buildSettings = {
				ALWAYS_SEARCH_USER_PATHS = NO;
				ASSETCATALOG_COMPILER_GENERATE_SWIFT_ASSET_SYMBOL_EXTENSIONS = YES;
				CLANG_ANALYZER_NONNULL = YES;
				CLANG_ANALYZER_NUMBER_OBJECT_CONVERSION = YES_AGGRESSIVE;
				CLANG_CXX_LANGUAGE_STANDARD = "gnu++20";
				CLANG_ENABLE_MODULES = YES;
				CLANG_ENABLE_OBJC_ARC = YES;
				CLANG_ENABLE_OBJC_WEAK = YES;
				CLANG_WARN_BLOCK_CAPTURE_AUTORELEASING = YES;
				CLANG_WARN_BOOL_CONVERSION = YES;
				CLANG_WARN_COMMA = YES;
				CLANG_WARN_CONSTANT_CONVERSION = YES;
				CLANG_WARN_DEPRECATED_OBJC_IMPLEMENTATIONS = YES;
				CLANG_WARN_DIRECT_OBJC_ISA_USAGE = YES_ERROR;
				CLANG_WARN_DOCUMENTATION_COMMENTS = YES;
				CLANG_WARN_EMPTY_BODY = YES;
				CLANG_WARN_ENUM_CONVERSION = YES;
				CLANG_WARN_INFINITE_RECURSION = YES;
				CLANG_WARN_INT_CONVERSION = YES;
				CLANG_WARN_NON_LITERAL_NULL_CONVERSION = YES;
				CLANG_WARN_OBJC_IMPLICIT_RETAIN_SELF = YES;
				CLANG_WARN_OBJC_LITERAL_CONVERSION = YES;
				CLANG_WARN_OBJC_ROOT_CLASS = YES_ERROR;
				CLANG_WARN_QUOTED_INCLUDE_IN_FRAMEWORK_HEADER = YES;
				CLANG_WARN_RANGE_LOOP_ANALYSIS = YES;
				CLANG_WARN_STRICT_PROTOTYPES = YES;
				CLANG_WARN_SUSPICIOUS_MOVE = YES;
				CLANG_WARN_UNGUARDED_AVAILABILITY = YES_AGGRESSIVE;
				CLANG_WARN_UNREACHABLE_CODE = YES;
				CLANG_WARN__DUPLICATE_METHOD_MATCH = YES;
				COPY_PHASE_STRIP = NO;
				DEBUG_INFORMATION_FORMAT = dwarf;
				ENABLE_STRICT_OBJC_MSGSEND = YES;
				ENABLE_TESTABILITY = YES;
				ENABLE_USER_SCRIPT_SANDBOXING = YES;
				GCC_C_LANGUAGE_STANDARD = gnu17;
				GCC_DYNAMIC_NO_PIC = NO;
				GCC_NO_COMMON_BLOCKS = YES;
				GCC_OPTIMIZATION_LEVEL = 0;
				GCC_PREPROCESSOR_DEFINITIONS = (
					"DEBUG=1",
					"$(inherited)",
				);
				GCC_WARN_64_TO_32_BIT_CONVERSION = YES;
				GCC_WARN_ABOUT_RETURN_TYPE = YES_ERROR;
				GCC_WARN_UNDECLARED_SELECTOR = YES;
				GCC_WARN_UNINITIALIZED_AUTOS = YES_AGGRESSIVE;
				GCC_WARN_UNUSED_FUNCTION = YES;
				GCC_WARN_UNUSED_VARIABLE = YES;
				IPHONEOS_DEPLOYMENT_TARGET = 18.2;
				LOCALIZATION_PREFERS_STRING_CATALOGS = YES;
				MTL_ENABLE_DEBUG_INFO = INCLUDE_SOURCE;
				MTL_FAST_MATH = YES;
				ONLY_ACTIVE_ARCH = YES;
				SDKROOT = iphoneos;
				SWIFT_ACTIVE_COMPILATION_CONDITIONS = "DEBUG $(inherited)";
				SWIFT_OPTIMIZATION_LEVEL = "-Onone";
			};
			name = Debug;
		};
		BEE1435E2DABCC3600565C22 /* Release */ = {
			isa = XCBuildConfiguration;
			baseConfigurationReferenceAnchor = BEE143332DABCC3500565C22 /* RSChat */;
			baseConfigurationReferenceRelativePath = App/Config/Development.xcconfig;
			buildSettings = {
				ALWAYS_SEARCH_USER_PATHS = NO;
				ASSETCATALOG_COMPILER_GENERATE_SWIFT_ASSET_SYMBOL_EXTENSIONS = YES;
				CLANG_ANALYZER_NONNULL = YES;
				CLANG_ANALYZER_NUMBER_OBJECT_CONVERSION = YES_AGGRESSIVE;
				CLANG_CXX_LANGUAGE_STANDARD = "gnu++20";
				CLANG_ENABLE_MODULES = YES;
				CLANG_ENABLE_OBJC_ARC = YES;
				CLANG_ENABLE_OBJC_WEAK = YES;
				CLANG_WARN_BLOCK_CAPTURE_AUTORELEASING = YES;
				CLANG_WARN_BOOL_CONVERSION = YES;
				CLANG_WARN_COMMA = YES;
				CLANG_WARN_CONSTANT_CONVERSION = YES;
				CLANG_WARN_DEPRECATED_OBJC_IMPLEMENTATIONS = YES;
				CLANG_WARN_DIRECT_OBJC_ISA_USAGE = YES_ERROR;
				CLANG_WARN_DOCUMENTATION_COMMENTS = YES;
				CLANG_WARN_EMPTY_BODY = YES;
				CLANG_WARN_ENUM_CONVERSION = YES;
				CLANG_WARN_INFINITE_RECURSION = YES;
				CLANG_WARN_INT_CONVERSION = YES;
				CLANG_WARN_NON_LITERAL_NULL_CONVERSION = YES;
				CLANG_WARN_OBJC_IMPLICIT_RETAIN_SELF = YES;
				CLANG_WARN_OBJC_LITERAL_CONVERSION = YES;
				CLANG_WARN_OBJC_ROOT_CLASS = YES_ERROR;
				CLANG_WARN_QUOTED_INCLUDE_IN_FRAMEWORK_HEADER = YES;
				CLANG_WARN_RANGE_LOOP_ANALYSIS = YES;
				CLANG_WARN_STRICT_PROTOTYPES = YES;
				CLANG_WARN_SUSPICIOUS_MOVE = YES;
				CLANG_WARN_UNGUARDED_AVAILABILITY = YES_AGGRESSIVE;
				CLANG_WARN_UNREACHABLE_CODE = YES;
				CLANG_WARN__DUPLICATE_METHOD_MATCH = YES;
				COPY_PHASE_STRIP = NO;
				DEBUG_INFORMATION_FORMAT = "dwarf-with-dsym";
				ENABLE_NS_ASSERTIONS = NO;
				ENABLE_STRICT_OBJC_MSGSEND = YES;
				ENABLE_USER_SCRIPT_SANDBOXING = YES;
				GCC_C_LANGUAGE_STANDARD = gnu17;
				GCC_NO_COMMON_BLOCKS = YES;
				GCC_WARN_64_TO_32_BIT_CONVERSION = YES;
				GCC_WARN_ABOUT_RETURN_TYPE = YES_ERROR;
				GCC_WARN_UNDECLARED_SELECTOR = YES;
				GCC_WARN_UNINITIALIZED_AUTOS = YES_AGGRESSIVE;
				GCC_WARN_UNUSED_FUNCTION = YES;
				GCC_WARN_UNUSED_VARIABLE = YES;
				IPHONEOS_DEPLOYMENT_TARGET = 18.2;
				LOCALIZATION_PREFERS_STRING_CATALOGS = YES;
				MTL_ENABLE_DEBUG_INFO = NO;
				MTL_FAST_MATH = YES;
				SDKROOT = iphoneos;
				SWIFT_COMPILATION_MODE = wholemodule;
				VALIDATE_PRODUCT = YES;
			};
			name = Release;
		};
		BEE143602DABCC3600565C22 /* Debug */ = {
			isa = XCBuildConfiguration;
			baseConfigurationReferenceAnchor = BEE143332DABCC3500565C22 /* RSChat */;
			baseConfigurationReferenceRelativePath = App/Config/Development.xcconfig;
			buildSettings = {
				BUNDLE_LOADER = "$(TEST_HOST)";
				CODE_SIGN_STYLE = Automatic;
				CURRENT_PROJECT_VERSION = 1;
				DEVELOPMENT_TEAM = 9N2C3RSUH8;
				GENERATE_INFOPLIST_FILE = YES;
				IPHONEOS_DEPLOYMENT_TARGET = 18.2;
				MARKETING_VERSION = 1.0;
				PRODUCT_BUNDLE_IDENTIFIER = com.iosdevbaran.RSChatTests;
				PRODUCT_NAME = "$(TARGET_NAME)";
				SWIFT_EMIT_LOC_STRINGS = NO;
				SWIFT_VERSION = 5.0;
				TARGETED_DEVICE_FAMILY = "1,2";
				TEST_HOST = "$(BUILT_PRODUCTS_DIR)/RSChat.app/$(BUNDLE_EXECUTABLE_FOLDER_PATH)/RSChat";
			};
			name = Debug;
		};
		BEE143612DABCC3600565C22 /* Release */ = {
			isa = XCBuildConfiguration;
			baseConfigurationReferenceAnchor = BEE143332DABCC3500565C22 /* RSChat */;
			baseConfigurationReferenceRelativePath = App/Config/Development.xcconfig;
			buildSettings = {
				BUNDLE_LOADER = "$(TEST_HOST)";
				CODE_SIGN_STYLE = Automatic;
				CURRENT_PROJECT_VERSION = 1;
				DEVELOPMENT_TEAM = 9N2C3RSUH8;
				GENERATE_INFOPLIST_FILE = YES;
				IPHONEOS_DEPLOYMENT_TARGET = 18.2;
				MARKETING_VERSION = 1.0;
				PRODUCT_BUNDLE_IDENTIFIER = com.iosdevbaran.RSChatTests;
				PRODUCT_NAME = "$(TARGET_NAME)";
				SWIFT_EMIT_LOC_STRINGS = NO;
				SWIFT_VERSION = 5.0;
				TARGETED_DEVICE_FAMILY = "1,2";
				TEST_HOST = "$(BUILT_PRODUCTS_DIR)/RSChat.app/$(BUNDLE_EXECUTABLE_FOLDER_PATH)/RSChat";
			};
			name = Release;
		};
		BEE143632DABCC3600565C22 /* Debug */ = {
			isa = XCBuildConfiguration;
			baseConfigurationReferenceAnchor = BEE143332DABCC3500565C22 /* RSChat */;
			baseConfigurationReferenceRelativePath = App/Config/Development.xcconfig;
			buildSettings = {
				CODE_SIGN_STYLE = Automatic;
				CURRENT_PROJECT_VERSION = 1;
				DEVELOPMENT_TEAM = 9N2C3RSUH8;
				GENERATE_INFOPLIST_FILE = YES;
				MARKETING_VERSION = 1.0;
				PRODUCT_BUNDLE_IDENTIFIER = com.iosdevbaran.RSChatUITests;
				PRODUCT_NAME = "$(TARGET_NAME)";
				SWIFT_EMIT_LOC_STRINGS = NO;
				SWIFT_VERSION = 5.0;
				TARGETED_DEVICE_FAMILY = "1,2";
				TEST_TARGET_NAME = RSChat;
			};
			name = Debug;
		};
		BEE143642DABCC3600565C22 /* Release */ = {
			isa = XCBuildConfiguration;
			baseConfigurationReferenceAnchor = BEE143332DABCC3500565C22 /* RSChat */;
			baseConfigurationReferenceRelativePath = App/Config/Development.xcconfig;
			buildSettings = {
				CODE_SIGN_STYLE = Automatic;
				CURRENT_PROJECT_VERSION = 1;
				DEVELOPMENT_TEAM = 9N2C3RSUH8;
				GENERATE_INFOPLIST_FILE = YES;
				MARKETING_VERSION = 1.0;
				PRODUCT_BUNDLE_IDENTIFIER = com.iosdevbaran.RSChatUITests;
				PRODUCT_NAME = "$(TARGET_NAME)";
				SWIFT_EMIT_LOC_STRINGS = NO;
				SWIFT_VERSION = 5.0;
				TARGETED_DEVICE_FAMILY = "1,2";
				TEST_TARGET_NAME = RSChat;
			};
			name = Release;
		};
/* End XCBuildConfiguration section */

/* Begin XCConfigurationList section */
		BEE1432C2DABCC3500565C22 /* Build configuration list for PBXProject "RSChat" */ = {
			isa = XCConfigurationList;
			buildConfigurations = (
				BEE1435D2DABCC3600565C22 /* Debug */,
				BEE1435E2DABCC3600565C22 /* Release */,
			);
			defaultConfigurationIsVisible = 0;
			defaultConfigurationName = Release;
		};
		BEE1435A2DABCC3600565C22 /* Build configuration list for PBXNativeTarget "RSChat" */ = {
			isa = XCConfigurationList;
			buildConfigurations = (
				BEE1435B2DABCC3600565C22 /* Debug */,
				BEE1435C2DABCC3600565C22 /* Release */,
			);
			defaultConfigurationIsVisible = 0;
			defaultConfigurationName = Release;
		};
		BEE1435F2DABCC3600565C22 /* Build configuration list for PBXNativeTarget "RSChatTests" */ = {
			isa = XCConfigurationList;
			buildConfigurations = (
				BEE143602DABCC3600565C22 /* Debug */,
				BEE143612DABCC3600565C22 /* Release */,
			);
			defaultConfigurationIsVisible = 0;
			defaultConfigurationName = Release;
		};
		BEE143622DABCC3600565C22 /* Build configuration list for PBXNativeTarget "RSChatUITests" */ = {
			isa = XCConfigurationList;
			buildConfigurations = (
				BEE143632DABCC3600565C22 /* Debug */,
				BEE143642DABCC3600565C22 /* Release */,
			);
			defaultConfigurationIsVisible = 0;
			defaultConfigurationName = Release;
		};
/* End XCConfigurationList section */

/* Begin XCRemoteSwiftPackageReference section */
		BEE143802DABD59800565C22 /* XCRemoteSwiftPackageReference "SnapKit" */ = {
			isa = XCRemoteSwiftPackageReference;
			repositoryURL = "https://github.com/SnapKit/SnapKit.git";
			requirement = {
				kind = upToNextMajorVersion;
				minimumVersion = 5.7.1;
			};
		};
/* End XCRemoteSwiftPackageReference section */

/* Begin XCSwiftPackageProductDependency section */
		BEE143812DABD59800565C22 /* SnapKit */ = {
			isa = XCSwiftPackageProductDependency;
			package = BEE143802DABD59800565C22 /* XCRemoteSwiftPackageReference "SnapKit" */;
			productName = SnapKit;
		};
/* End XCSwiftPackageProductDependency section */
	};
	rootObject = BEE143292DABCC3500565C22 /* Project object */;
}
